
Microsoft Visual Studio Solution File, Format Version 12.00
# Visual Studio Version 17
VisualStudioVersion = 17.11.35312.102
MinimumVisualStudioVersion = 10.0.40219.1
Project("{9A19103F-16F7-4668-BE54-9A1E7A4F7556}") = "Cashify", "Cashify\Cashify.csproj", "{136CC1FB-A16D-418F-94D6-30F6759554D5}"
EndProject
Project("{FAE04EC0-301F-11D3-BF4B-00C04F79EFBC}") = "Cashify.Application", "Cashify.Application\Cashify.Application.csproj", "{0904FB5B-EA9F-48A8-91F6-1277327129E2}"
EndProject
Project("{FAE04EC0-301F-11D3-BF4B-00C04F79EFBC}") = "Cashify.Infrastructure", "Cashify.Infrastructure\Cashify.Infrastructure.csproj", "{5D72E020-884E-4308-9DED-0B6121671E7A}"
EndProject
Project("{2150E333-8FDC-42A3-9474-1A3956D46DE8}") = "src", "src", "{627AD29A-CF97-4813-83DD-FE3B31E528F2}"
EndProject
Project("{FAE04EC0-301F-11D3-BF4B-00C04F79EFBC}") = "Cashify.Domain", "Cashify.Domain\Cashify.Domain.csproj", "{B3EEF652-4977-48FE-A72B-C1A158487C0C}"
EndProject
Global
	GlobalSection(SolutionConfigurationPlatforms) = preSolution
		Debug|Any CPU = Debug|Any CPU
		Release|Any CPU = Release|Any CPU
	EndGlobalSection
	GlobalSection(ProjectConfigurationPlatforms) = postSolution
		{136CC1FB-A16D-418F-94D6-30F6759554D5}.Debug|Any CPU.ActiveCfg = Debug|Any CPU
		{136CC1FB-A16D-418F-94D6-30F6759554D5}.Debug|Any CPU.Build.0 = Debug|Any CPU
		{136CC1FB-A16D-418F-94D6-30F6759554D5}.Debug|Any CPU.Deploy.0 = Debug|Any CPU
		{136CC1FB-A16D-418F-94D6-30F6759554D5}.Release|Any CPU.ActiveCfg = Release|Any CPU
		{136CC1FB-A16D-418F-94D6-30F6759554D5}.Release|Any CPU.Build.0 = Release|Any CPU
		{136CC1FB-A16D-418F-94D6-30F6759554D5}.Release|Any CPU.Deploy.0 = Release|Any CPU
		{0904FB5B-EA9F-48A8-91F6-1277327129E2}.Debug|Any CPU.ActiveCfg = Debug|Any CPU
		{0904FB5B-EA9F-48A8-91F6-1277327129E2}.Debug|Any CPU.Build.0 = Debug|Any CPU
		{0904FB5B-EA9F-48A8-91F6-1277327129E2}.Release|Any CPU.ActiveCfg = Release|Any CPU
		{0904FB5B-EA9F-48A8-91F6-1277327129E2}.Release|Any CPU.Build.0 = Release|Any CPU
		{5D72E020-884E-4308-9DED-0B6121671E7A}.Debug|Any CPU.ActiveCfg = Debug|Any CPU
		{5D72E020-884E-4308-9DED-0B6121671E7A}.Debug|Any CPU.Build.0 = Debug|Any CPU
		{5D72E020-884E-4308-9DED-0B6121671E7A}.Release|Any CPU.ActiveCfg = Release|Any CPU
		{5D72E020-884E-4308-9DED-0B6121671E7A}.Release|Any CPU.Build.0 = Release|Any CPU
		{B3EEF652-4977-48FE-A72B-C1A158487C0C}.Debug|Any CPU.ActiveCfg = Debug|Any CPU
		{B3EEF652-4977-48FE-A72B-C1A158487C0C}.Debug|Any CPU.Build.0 = Debug|Any CPU
		{B3EEF652-4977-48FE-A72B-C1A158487C0C}.Release|Any CPU.ActiveCfg = Release|Any CPU
		{B3EEF652-4977-48FE-A72B-C1A158487C0C}.Release|Any CPU.Build.0 = Release|Any CPU
	EndGlobalSection
	GlobalSection(SolutionProperties) = preSolution
		HideSolutionNode = FALSE
	EndGlobalSection
	GlobalSection(ExtensibilityGlobals) = postSolution
		SolutionGuid = {7C246244-1D8D-473B-A03E-A91EC5003A1C}
	EndGlobalSection
	GlobalSection(NestedProjects) = preSolution
		{136CC1FB-A16D-418F-94D6-30F6759554D5} = {627AD29A-CF97-4813-83DD-FE3B31E528F2}
		{0904FB5B-EA9F-48A8-91F6-1277327129E2} = {627AD29A-CF97-4813-83DD-FE3B31E528F2}
		{B3EEF652-4977-48FE-A72B-C1A158487C0C} = {627AD29A-CF97-4813-83DD-FE3B31E528F2}
		{5D72E020-884E-4308-9DED-0B6121671E7A} = {627AD29A-CF97-4813-83DD-FE3B31E528F2}
	EndGlobalSection
EndGlobal
